
Microsoft Visual Studio Solution File, Format Version 12.00
# Visual Studio Version 17
VisualStudioVersion = 17.13.35913.81
MinimumVisualStudioVersion = 10.0.40219.1
Project("{FAE04EC0-301F-11D3-BF4B-00C04F79EFBC}") = "SMS.App", "SMS.App\SMS.App.csproj", "{8557DD27-24F2-4966-84AE-3E3D03BE2323}"
EndProject
Project("{FAE04EC0-301F-11D3-BF4B-00C04F79EFBC}") = "SMS.Domain", "SMS.Domain\SMS.Domain.csproj", "{4C67CF9E-F07F-4BF2-84B0-B257189E016F}"
EndProject
Project("{FAE04EC0-301F-11D3-BF4B-00C04F79EFBC}") = "SMS.Infrastructure", "SMS.Infrastructure\SMS.Infrastructure.csproj", "{10FE380C-B0E9-4E4B-97BB-04C34F76185B}"
EndProject
Global
	GlobalSection(SolutionConfigurationPlatforms) = preSolution
		Debug|Any CPU = Debug|Any CPU
		Release|Any CPU = Release|Any CPU
	EndGlobalSection
	GlobalSection(ProjectConfigurationPlatforms) = postSolution
		{8557DD27-24F2-4966-84AE-3E3D03BE2323}.Debug|Any CPU.ActiveCfg = Debug|Any CPU
		{8557DD27-24F2-4966-84AE-3E3D03BE2323}.Debug|Any CPU.Build.0 = Debug|Any CPU
		{8557DD27-24F2-4966-84AE-3E3D03BE2323}.Release|Any CPU.ActiveCfg = Release|Any CPU
		{8557DD27-24F2-4966-84AE-3E3D03BE2323}.Release|Any CPU.Build.0 = Release|Any CPU
		{4C67CF9E-F07F-4BF2-84B0-B257189E016F}.Debug|Any CPU.ActiveCfg = Debug|Any CPU
		{4C67CF9E-F07F-4BF2-84B0-B257189E016F}.Debug|Any CPU.Build.0 = Debug|Any CPU
		{4C67CF9E-F07F-4BF2-84B0-B257189E016F}.Release|Any CPU.ActiveCfg = Release|Any CPU
		{4C67CF9E-F07F-4BF2-84B0-B257189E016F}.Release|Any CPU.Build.0 = Release|Any CPU
		{10FE380C-B0E9-4E4B-97BB-04C34F76185B}.Debug|Any CPU.ActiveCfg = Debug|Any CPU
		{10FE380C-B0E9-4E4B-97BB-04C34F76185B}.Debug|Any CPU.Build.0 = Debug|Any CPU
		{10FE380C-B0E9-4E4B-97BB-04C34F76185B}.Release|Any CPU.ActiveCfg = Release|Any CPU
		{10FE380C-B0E9-4E4B-97BB-04C34F76185B}.Release|Any CPU.Build.0 = Release|Any CPU
	EndGlobalSection
	GlobalSection(SolutionProperties) = preSolution
		HideSolutionNode = FALSE
	EndGlobalSection
	GlobalSection(ExtensibilityGlobals) = postSolution
		SolutionGuid = {76751A51-4ED7-4835-9F7D-ACAA0AAB1EE9}
	EndGlobalSection
EndGlobal
